
Microsoft Visual Studio Solution File, Format Version 12.00
# Visual Studio 14
VisualStudioVersion = 14.0.24720.0
MinimumVisualStudioVersion = 10.0.40219.1
Project("{FAE04EC0-301F-11D3-BF4B-00C04F79EFBC}") = "CaringCookieClub.Droid", "CommunityGenerousity\CommunityGenerousity.Droid\CaringCookieClub.Droid.csproj", "{B40A7178-C0B5-423B-BB23-8DD3B69EBF55}"
EndProject
Project("{FAE04EC0-301F-11D3-BF4B-00C04F79EFBC}") = "CaringCookieClub.iOS", "CommunityGenerousity\CommunityGenerousity.iOS\CaringCookieClub.iOS.csproj", "{920F71C1-1E13-4E9E-BCD5-D9EB9863B4E3}"
EndProject
Project("{FAE04EC0-301F-11D3-BF4B-00C04F79EFBC}") = "CaringCookieClub.WinPhone", "CommunityGenerousity\CommunityGenerousity.WinPhone\CaringCookieClub.WinPhone.csproj", "{555865C8-7AF4-4E4A-A282-8C3871AD7932}"
EndProject
Project("{FAE04EC0-301F-11D3-BF4B-00C04F79EFBC}") = "CaringCookieClub", "CommunityGenerousity\CommunityGenerousity\CaringCookieClub.csproj", "{FBC5D8F5-91BD-44FA-8E09-05BB13BEA451}"
EndProject
Global
	GlobalSection(SolutionConfigurationPlatforms) = preSolution
		Ad-Hoc|Any CPU = Ad-Hoc|Any CPU
		Ad-Hoc|ARM = Ad-Hoc|ARM
		Ad-Hoc|iPhone = Ad-Hoc|iPhone
		Ad-Hoc|iPhoneSimulator = Ad-Hoc|iPhoneSimulator
		Ad-Hoc|x86 = Ad-Hoc|x86
		AppStore|Any CPU = AppStore|Any CPU
		AppStore|ARM = AppStore|ARM
		AppStore|iPhone = AppStore|iPhone
		AppStore|iPhoneSimulator = AppStore|iPhoneSimulator
		AppStore|x86 = AppStore|x86
		Debug|Any CPU = Debug|Any CPU
		Debug|ARM = Debug|ARM
		Debug|iPhone = Debug|iPhone
		Debug|iPhoneSimulator = Debug|iPhoneSimulator
		Debug|x86 = Debug|x86
		Release|Any CPU = Release|Any CPU
		Release|ARM = Release|ARM
		Release|iPhone = Release|iPhone
		Release|iPhoneSimulator = Release|iPhoneSimulator
		Release|x86 = Release|x86
	EndGlobalSection
	GlobalSection(ProjectConfigurationPlatforms) = postSolution
		{B40A7178-C0B5-423B-BB23-8DD3B69EBF55}.Ad-Hoc|Any CPU.ActiveCfg = Release|Any CPU
		{B40A7178-C0B5-423B-BB23-8DD3B69EBF55}.Ad-Hoc|Any CPU.Build.0 = Release|Any CPU
		{B40A7178-C0B5-423B-BB23-8DD3B69EBF55}.Ad-Hoc|Any CPU.Deploy.0 = Release|Any CPU
		{B40A7178-C0B5-423B-BB23-8DD3B69EBF55}.Ad-Hoc|ARM.ActiveCfg = Release|Any CPU
		{B40A7178-C0B5-423B-BB23-8DD3B69EBF55}.Ad-Hoc|ARM.Build.0 = Release|Any CPU
		{B40A7178-C0B5-423B-BB23-8DD3B69EBF55}.Ad-Hoc|ARM.Deploy.0 = Release|Any CPU
		{B40A7178-C0B5-423B-BB23-8DD3B69EBF55}.Ad-Hoc|iPhone.ActiveCfg = Release|Any CPU
		{B40A7178-C0B5-423B-BB23-8DD3B69EBF55}.Ad-Hoc|iPhone.Build.0 = Release|Any CPU
		{B40A7178-C0B5-423B-BB23-8DD3B69EBF55}.Ad-Hoc|iPhone.Deploy.0 = Release|Any CPU
		{B40A7178-C0B5-423B-BB23-8DD3B69EBF55}.Ad-Hoc|iPhoneSimulator.ActiveCfg = Release|Any CPU
		{B40A7178-C0B5-423B-BB23-8DD3B69EBF55}.Ad-Hoc|iPhoneSimulator.Build.0 = Release|Any CPU
		{B40A7178-C0B5-423B-BB23-8DD3B69EBF55}.Ad-Hoc|iPhoneSimulator.Deploy.0 = Release|Any CPU
		{B40A7178-C0B5-423B-BB23-8DD3B69EBF55}.Ad-Hoc|x86.ActiveCfg = Release|Any CPU
		{B40A7178-C0B5-423B-BB23-8DD3B69EBF55}.Ad-Hoc|x86.Build.0 = Release|Any CPU
		{B40A7178-C0B5-423B-BB23-8DD3B69EBF55}.Ad-Hoc|x86.Deploy.0 = Release|Any CPU
		{B40A7178-C0B5-423B-BB23-8DD3B69EBF55}.AppStore|Any CPU.ActiveCfg = Release|Any CPU
		{B40A7178-C0B5-423B-BB23-8DD3B69EBF55}.AppStore|Any CPU.Build.0 = Release|Any CPU
		{B40A7178-C0B5-423B-BB23-8DD3B69EBF55}.AppStore|Any CPU.Deploy.0 = Release|Any CPU
		{B40A7178-C0B5-423B-BB23-8DD3B69EBF55}.AppStore|ARM.ActiveCfg = Release|Any CPU
		{B40A7178-C0B5-423B-BB23-8DD3B69EBF55}.AppStore|ARM.Build.0 = Release|Any CPU
		{B40A7178-C0B5-423B-BB23-8DD3B69EBF55}.AppStore|ARM.Deploy.0 = Release|Any CPU
		{B40A7178-C0B5-423B-BB23-8DD3B69EBF55}.AppStore|iPhone.ActiveCfg = Release|Any CPU
		{B40A7178-C0B5-423B-BB23-8DD3B69EBF55}.AppStore|iPhone.Build.0 = Release|Any CPU
		{B40A7178-C0B5-423B-BB23-8DD3B69EBF55}.AppStore|iPhone.Deploy.0 = Release|Any CPU
		{B40A7178-C0B5-423B-BB23-8DD3B69EBF55}.AppStore|iPhoneSimulator.ActiveCfg = Release|Any CPU
		{B40A7178-C0B5-423B-BB23-8DD3B69EBF55}.AppStore|iPhoneSimulator.Build.0 = Release|Any CPU
		{B40A7178-C0B5-423B-BB23-8DD3B69EBF55}.AppStore|iPhoneSimulator.Deploy.0 = Release|Any CPU
		{B40A7178-C0B5-423B-BB23-8DD3B69EBF55}.AppStore|x86.ActiveCfg = Release|Any CPU
		{B40A7178-C0B5-423B-BB23-8DD3B69EBF55}.AppStore|x86.Build.0 = Release|Any CPU
		{B40A7178-C0B5-423B-BB23-8DD3B69EBF55}.AppStore|x86.Deploy.0 = Release|Any CPU
		{B40A7178-C0B5-423B-BB23-8DD3B69EBF55}.Debug|Any CPU.ActiveCfg = Debug|Any CPU
		{B40A7178-C0B5-423B-BB23-8DD3B69EBF55}.Debug|Any CPU.Build.0 = Debug|Any CPU
		{B40A7178-C0B5-423B-BB23-8DD3B69EBF55}.Debug|Any CPU.Deploy.0 = Debug|Any CPU
		{B40A7178-C0B5-423B-BB23-8DD3B69EBF55}.Debug|ARM.ActiveCfg = Debug|Any CPU
		{B40A7178-C0B5-423B-BB23-8DD3B69EBF55}.Debug|ARM.Build.0 = Debug|Any CPU
		{B40A7178-C0B5-423B-BB23-8DD3B69EBF55}.Debug|ARM.Deploy.0 = Debug|Any CPU
		{B40A7178-C0B5-423B-BB23-8DD3B69EBF55}.Debug|iPhone.ActiveCfg = Debug|Any CPU
		{B40A7178-C0B5-423B-BB23-8DD3B69EBF55}.Debug|iPhone.Build.0 = Debug|Any CPU
		{B40A7178-C0B5-423B-BB23-8DD3B69EBF55}.Debug|iPhone.Deploy.0 = Debug|Any CPU
		{B40A7178-C0B5-423B-BB23-8DD3B69EBF55}.Debug|iPhoneSimulator.ActiveCfg = Debug|Any CPU
		{B40A7178-C0B5-423B-BB23-8DD3B69EBF55}.Debug|iPhoneSimulator.Build.0 = Debug|Any CPU
		{B40A7178-C0B5-423B-BB23-8DD3B69EBF55}.Debug|iPhoneSimulator.Deploy.0 = Debug|Any CPU
		{B40A7178-C0B5-423B-BB23-8DD3B69EBF55}.Debug|x86.ActiveCfg = Debug|Any CPU
		{B40A7178-C0B5-423B-BB23-8DD3B69EBF55}.Debug|x86.Build.0 = Debug|Any CPU
		{B40A7178-C0B5-423B-BB23-8DD3B69EBF55}.Debug|x86.Deploy.0 = Debug|Any CPU
		{B40A7178-C0B5-423B-BB23-8DD3B69EBF55}.Release|Any CPU.ActiveCfg = Release|Any CPU
		{B40A7178-C0B5-423B-BB23-8DD3B69EBF55}.Release|Any CPU.Build.0 = Release|Any CPU
		{B40A7178-C0B5-423B-BB23-8DD3B69EBF55}.Release|Any CPU.Deploy.0 = Release|Any CPU
		{B40A7178-C0B5-423B-BB23-8DD3B69EBF55}.Release|ARM.ActiveCfg = Release|Any CPU
		{B40A7178-C0B5-423B-BB23-8DD3B69EBF55}.Release|ARM.Build.0 = Release|Any CPU
		{B40A7178-C0B5-423B-BB23-8DD3B69EBF55}.Release|ARM.Deploy.0 = Release|Any CPU
		{B40A7178-C0B5-423B-BB23-8DD3B69EBF55}.Release|iPhone.ActiveCfg = Release|Any CPU
		{B40A7178-C0B5-423B-BB23-8DD3B69EBF55}.Release|iPhone.Build.0 = Release|Any CPU
		{B40A7178-C0B5-423B-BB23-8DD3B69EBF55}.Release|iPhone.Deploy.0 = Release|Any CPU
		{B40A7178-C0B5-423B-BB23-8DD3B69EBF55}.Release|iPhoneSimulator.ActiveCfg = Release|Any CPU
		{B40A7178-C0B5-423B-BB23-8DD3B69EBF55}.Release|iPhoneSimulator.Build.0 = Release|Any CPU
		{B40A7178-C0B5-423B-BB23-8DD3B69EBF55}.Release|iPhoneSimulator.Deploy.0 = Release|Any CPU
		{B40A7178-C0B5-423B-BB23-8DD3B69EBF55}.Release|x86.ActiveCfg = Release|Any CPU
		{B40A7178-C0B5-423B-BB23-8DD3B69EBF55}.Release|x86.Build.0 = Release|Any CPU
		{B40A7178-C0B5-423B-BB23-8DD3B69EBF55}.Release|x86.Deploy.0 = Release|Any CPU
		{920F71C1-1E13-4E9E-BCD5-D9EB9863B4E3}.Ad-Hoc|Any CPU.ActiveCfg = Ad-Hoc|iPhone
		{920F71C1-1E13-4E9E-BCD5-D9EB9863B4E3}.Ad-Hoc|ARM.ActiveCfg = Ad-Hoc|iPhone
		{920F71C1-1E13-4E9E-BCD5-D9EB9863B4E3}.Ad-Hoc|iPhone.ActiveCfg = Ad-Hoc|iPhone
		{920F71C1-1E13-4E9E-BCD5-D9EB9863B4E3}.Ad-Hoc|iPhone.Build.0 = Ad-Hoc|iPhone
		{920F71C1-1E13-4E9E-BCD5-D9EB9863B4E3}.Ad-Hoc|iPhoneSimulator.ActiveCfg = Ad-Hoc|iPhoneSimulator
		{920F71C1-1E13-4E9E-BCD5-D9EB9863B4E3}.Ad-Hoc|iPhoneSimulator.Build.0 = Ad-Hoc|iPhoneSimulator
		{920F71C1-1E13-4E9E-BCD5-D9EB9863B4E3}.Ad-Hoc|x86.ActiveCfg = Ad-Hoc|iPhone
		{920F71C1-1E13-4E9E-BCD5-D9EB9863B4E3}.AppStore|Any CPU.ActiveCfg = AppStore|iPhone
		{920F71C1-1E13-4E9E-BCD5-D9EB9863B4E3}.AppStore|ARM.ActiveCfg = AppStore|iPhone
		{920F71C1-1E13-4E9E-BCD5-D9EB9863B4E3}.AppStore|iPhone.ActiveCfg = AppStore|iPhone
		{920F71C1-1E13-4E9E-BCD5-D9EB9863B4E3}.AppStore|iPhone.Build.0 = AppStore|iPhone
		{920F71C1-1E13-4E9E-BCD5-D9EB9863B4E3}.AppStore|iPhoneSimulator.ActiveCfg = AppStore|iPhoneSimulator
		{920F71C1-1E13-4E9E-BCD5-D9EB9863B4E3}.AppStore|iPhoneSimulator.Build.0 = AppStore|iPhoneSimulator
		{920F71C1-1E13-4E9E-BCD5-D9EB9863B4E3}.AppStore|x86.ActiveCfg = AppStore|iPhone
		{920F71C1-1E13-4E9E-BCD5-D9EB9863B4E3}.Debug|Any CPU.ActiveCfg = Debug|iPhone
		{920F71C1-1E13-4E9E-BCD5-D9EB9863B4E3}.Debug|ARM.ActiveCfg = Debug|iPhone
		{920F71C1-1E13-4E9E-BCD5-D9EB9863B4E3}.Debug|iPhone.ActiveCfg = Debug|iPhone
		{920F71C1-1E13-4E9E-BCD5-D9EB9863B4E3}.Debug|iPhone.Build.0 = Debug|iPhone
		{920F71C1-1E13-4E9E-BCD5-D9EB9863B4E3}.Debug|iPhoneSimulator.ActiveCfg = Debug|iPhoneSimulator
		{920F71C1-1E13-4E9E-BCD5-D9EB9863B4E3}.Debug|iPhoneSimulator.Build.0 = Debug|iPhoneSimulator
		{920F71C1-1E13-4E9E-BCD5-D9EB9863B4E3}.Debug|x86.ActiveCfg = Debug|iPhone
		{920F71C1-1E13-4E9E-BCD5-D9EB9863B4E3}.Release|Any CPU.ActiveCfg = Release|iPhone
		{920F71C1-1E13-4E9E-BCD5-D9EB9863B4E3}.Release|ARM.ActiveCfg = Release|iPhone
		{920F71C1-1E13-4E9E-BCD5-D9EB9863B4E3}.Release|iPhone.ActiveCfg = Release|iPhone
		{920F71C1-1E13-4E9E-BCD5-D9EB9863B4E3}.Release|iPhone.Build.0 = Release|iPhone
		{920F71C1-1E13-4E9E-BCD5-D9EB9863B4E3}.Release|iPhoneSimulator.ActiveCfg = Release|iPhoneSimulator
		{920F71C1-1E13-4E9E-BCD5-D9EB9863B4E3}.Release|iPhoneSimulator.Build.0 = Release|iPhoneSimulator
		{920F71C1-1E13-4E9E-BCD5-D9EB9863B4E3}.Release|x86.ActiveCfg = Release|iPhone
		{555865C8-7AF4-4E4A-A282-8C3871AD7932}.Ad-Hoc|Any CPU.ActiveCfg = Release|Any CPU
		{555865C8-7AF4-4E4A-A282-8C3871AD7932}.Ad-Hoc|Any CPU.Build.0 = Release|Any CPU
		{555865C8-7AF4-4E4A-A282-8C3871AD7932}.Ad-Hoc|Any CPU.Deploy.0 = Release|Any CPU
		{555865C8-7AF4-4E4A-A282-8C3871AD7932}.Ad-Hoc|ARM.ActiveCfg = Release|ARM
		{555865C8-7AF4-4E4A-A282-8C3871AD7932}.Ad-Hoc|ARM.Build.0 = Release|ARM
		{555865C8-7AF4-4E4A-A282-8C3871AD7932}.Ad-Hoc|ARM.Deploy.0 = Release|ARM
		{555865C8-7AF4-4E4A-A282-8C3871AD7932}.Ad-Hoc|iPhone.ActiveCfg = Release|Any CPU
		{555865C8-7AF4-4E4A-A282-8C3871AD7932}.Ad-Hoc|iPhone.Build.0 = Release|Any CPU
		{555865C8-7AF4-4E4A-A282-8C3871AD7932}.Ad-Hoc|iPhone.Deploy.0 = Release|Any CPU
		{555865C8-7AF4-4E4A-A282-8C3871AD7932}.Ad-Hoc|iPhoneSimulator.ActiveCfg = Release|Any CPU
		{555865C8-7AF4-4E4A-A282-8C3871AD7932}.Ad-Hoc|iPhoneSimulator.Build.0 = Release|Any CPU
		{555865C8-7AF4-4E4A-A282-8C3871AD7932}.Ad-Hoc|iPhoneSimulator.Deploy.0 = Release|Any CPU
		{555865C8-7AF4-4E4A-A282-8C3871AD7932}.Ad-Hoc|x86.ActiveCfg = Release|x86
		{555865C8-7AF4-4E4A-A282-8C3871AD7932}.Ad-Hoc|x86.Build.0 = Release|x86
		{555865C8-7AF4-4E4A-A282-8C3871AD7932}.Ad-Hoc|x86.Deploy.0 = Release|x86
		{555865C8-7AF4-4E4A-A282-8C3871AD7932}.AppStore|Any CPU.ActiveCfg = Release|Any CPU
		{555865C8-7AF4-4E4A-A282-8C3871AD7932}.AppStore|Any CPU.Build.0 = Release|Any CPU
		{555865C8-7AF4-4E4A-A282-8C3871AD7932}.AppStore|Any CPU.Deploy.0 = Release|Any CPU
		{555865C8-7AF4-4E4A-A282-8C3871AD7932}.AppStore|ARM.ActiveCfg = Release|ARM
		{555865C8-7AF4-4E4A-A282-8C3871AD7932}.AppStore|ARM.Build.0 = Release|ARM
		{555865C8-7AF4-4E4A-A282-8C3871AD7932}.AppStore|ARM.Deploy.0 = Release|ARM
		{555865C8-7AF4-4E4A-A282-8C3871AD7932}.AppStore|iPhone.ActiveCfg = Release|Any CPU
		{555865C8-7AF4-4E4A-A282-8C3871AD7932}.AppStore|iPhone.Build.0 = Release|Any CPU
		{555865C8-7AF4-4E4A-A282-8C3871AD7932}.AppStore|iPhone.Deploy.0 = Release|Any CPU
		{555865C8-7AF4-4E4A-A282-8C3871AD7932}.AppStore|iPhoneSimulator.ActiveCfg = Release|Any CPU
		{555865C8-7AF4-4E4A-A282-8C3871AD7932}.AppStore|iPhoneSimulator.Build.0 = Release|Any CPU
		{555865C8-7AF4-4E4A-A282-8C3871AD7932}.AppStore|iPhoneSimulator.Deploy.0 = Release|Any CPU
		{555865C8-7AF4-4E4A-A282-8C3871AD7932}.AppStore|x86.ActiveCfg = Release|x86
		{555865C8-7AF4-4E4A-A282-8C3871AD7932}.AppStore|x86.Build.0 = Release|x86
		{555865C8-7AF4-4E4A-A282-8C3871AD7932}.AppStore|x86.Deploy.0 = Release|x86
		{555865C8-7AF4-4E4A-A282-8C3871AD7932}.Debug|Any CPU.ActiveCfg = Debug|Any CPU
		{555865C8-7AF4-4E4A-A282-8C3871AD7932}.Debug|Any CPU.Build.0 = Debug|Any CPU
		{555865C8-7AF4-4E4A-A282-8C3871AD7932}.Debug|Any CPU.Deploy.0 = Debug|Any CPU
		{555865C8-7AF4-4E4A-A282-8C3871AD7932}.Debug|ARM.ActiveCfg = Debug|ARM
		{555865C8-7AF4-4E4A-A282-8C3871AD7932}.Debug|ARM.Build.0 = Debug|ARM
		{555865C8-7AF4-4E4A-A282-8C3871AD7932}.Debug|ARM.Deploy.0 = Debug|ARM
		{555865C8-7AF4-4E4A-A282-8C3871AD7932}.Debug|iPhone.ActiveCfg = Debug|Any CPU
		{555865C8-7AF4-4E4A-A282-8C3871AD7932}.Debug|iPhone.Build.0 = Debug|Any CPU
		{555865C8-7AF4-4E4A-A282-8C3871AD7932}.Debug|iPhone.Deploy.0 = Debug|Any CPU
		{555865C8-7AF4-4E4A-A282-8C3871AD7932}.Debug|iPhoneSimulator.ActiveCfg = Debug|Any CPU
		{555865C8-7AF4-4E4A-A282-8C3871AD7932}.Debug|iPhoneSimulator.Build.0 = Debug|Any CPU
		{555865C8-7AF4-4E4A-A282-8C3871AD7932}.Debug|iPhoneSimulator.Deploy.0 = Debug|Any CPU
		{555865C8-7AF4-4E4A-A282-8C3871AD7932}.Debug|x86.ActiveCfg = Debug|x86
		{555865C8-7AF4-4E4A-A282-8C3871AD7932}.Debug|x86.Build.0 = Debug|x86
		{555865C8-7AF4-4E4A-A282-8C3871AD7932}.Debug|x86.Deploy.0 = Debug|x86
		{555865C8-7AF4-4E4A-A282-8C3871AD7932}.Release|Any CPU.ActiveCfg = Release|Any CPU
		{555865C8-7AF4-4E4A-A282-8C3871AD7932}.Release|Any CPU.Build.0 = Release|Any CPU
		{555865C8-7AF4-4E4A-A282-8C3871AD7932}.Release|Any CPU.Deploy.0 = Release|Any CPU
		{555865C8-7AF4-4E4A-A282-8C3871AD7932}.Release|ARM.ActiveCfg = Release|ARM
		{555865C8-7AF4-4E4A-A282-8C3871AD7932}.Release|ARM.Build.0 = Release|ARM
		{555865C8-7AF4-4E4A-A282-8C3871AD7932}.Release|ARM.Deploy.0 = Release|ARM
		{555865C8-7AF4-4E4A-A282-8C3871AD7932}.Release|iPhone.ActiveCfg = Release|Any CPU
		{555865C8-7AF4-4E4A-A282-8C3871AD7932}.Release|iPhone.Build.0 = Release|Any CPU
		{555865C8-7AF4-4E4A-A282-8C3871AD7932}.Release|iPhone.Deploy.0 = Release|Any CPU
		{555865C8-7AF4-4E4A-A282-8C3871AD7932}.Release|iPhoneSimulator.ActiveCfg = Release|Any CPU
		{555865C8-7AF4-4E4A-A282-8C3871AD7932}.Release|iPhoneSimulator.Build.0 = Release|Any CPU
		{555865C8-7AF4-4E4A-A282-8C3871AD7932}.Release|iPhoneSimulator.Deploy.0 = Release|Any CPU
		{555865C8-7AF4-4E4A-A282-8C3871AD7932}.Release|x86.ActiveCfg = Release|x86
		{555865C8-7AF4-4E4A-A282-8C3871AD7932}.Release|x86.Build.0 = Release|x86
		{555865C8-7AF4-4E4A-A282-8C3871AD7932}.Release|x86.Deploy.0 = Release|x86
		{FBC5D8F5-91BD-44FA-8E09-05BB13BEA451}.Ad-Hoc|Any CPU.ActiveCfg = Release|Any CPU
		{FBC5D8F5-91BD-44FA-8E09-05BB13BEA451}.Ad-Hoc|Any CPU.Build.0 = Release|Any CPU
		{FBC5D8F5-91BD-44FA-8E09-05BB13BEA451}.Ad-Hoc|ARM.ActiveCfg = Release|Any CPU
		{FBC5D8F5-91BD-44FA-8E09-05BB13BEA451}.Ad-Hoc|ARM.Build.0 = Release|Any CPU
		{FBC5D8F5-91BD-44FA-8E09-05BB13BEA451}.Ad-Hoc|iPhone.ActiveCfg = Release|Any CPU
		{FBC5D8F5-91BD-44FA-8E09-05BB13BEA451}.Ad-Hoc|iPhone.Build.0 = Release|Any CPU
		{FBC5D8F5-91BD-44FA-8E09-05BB13BEA451}.Ad-Hoc|iPhoneSimulator.ActiveCfg = Release|Any CPU
		{FBC5D8F5-91BD-44FA-8E09-05BB13BEA451}.Ad-Hoc|iPhoneSimulator.Build.0 = Release|Any CPU
		{FBC5D8F5-91BD-44FA-8E09-05BB13BEA451}.Ad-Hoc|x86.ActiveCfg = Release|Any CPU
		{FBC5D8F5-91BD-44FA-8E09-05BB13BEA451}.Ad-Hoc|x86.Build.0 = Release|Any CPU
		{FBC5D8F5-91BD-44FA-8E09-05BB13BEA451}.AppStore|Any CPU.ActiveCfg = Release|Any CPU
		{FBC5D8F5-91BD-44FA-8E09-05BB13BEA451}.AppStore|Any CPU.Build.0 = Release|Any CPU
		{FBC5D8F5-91BD-44FA-8E09-05BB13BEA451}.AppStore|ARM.ActiveCfg = Release|Any CPU
		{FBC5D8F5-91BD-44FA-8E09-05BB13BEA451}.AppStore|ARM.Build.0 = Release|Any CPU
		{FBC5D8F5-91BD-44FA-8E09-05BB13BEA451}.AppStore|iPhone.ActiveCfg = Release|Any CPU
		{FBC5D8F5-91BD-44FA-8E09-05BB13BEA451}.AppStore|iPhone.Build.0 = Release|Any CPU
		{FBC5D8F5-91BD-44FA-8E09-05BB13BEA451}.AppStore|iPhoneSimulator.ActiveCfg = Release|Any CPU
		{FBC5D8F5-91BD-44FA-8E09-05BB13BEA451}.AppStore|iPhoneSimulator.Build.0 = Release|Any CPU
		{FBC5D8F5-91BD-44FA-8E09-05BB13BEA451}.AppStore|x86.ActiveCfg = Release|Any CPU
		{FBC5D8F5-91BD-44FA-8E09-05BB13BEA451}.AppStore|x86.Build.0 = Release|Any CPU
		{FBC5D8F5-91BD-44FA-8E09-05BB13BEA451}.Debug|Any CPU.ActiveCfg = Debug|Any CPU
		{FBC5D8F5-91BD-44FA-8E09-05BB13BEA451}.Debug|Any CPU.Build.0 = Debug|Any CPU
		{FBC5D8F5-91BD-44FA-8E09-05BB13BEA451}.Debug|ARM.ActiveCfg = Debug|Any CPU
		{FBC5D8F5-91BD-44FA-8E09-05BB13BEA451}.Debug|ARM.Build.0 = Debug|Any CPU
		{FBC5D8F5-91BD-44FA-8E09-05BB13BEA451}.Debug|iPhone.ActiveCfg = Debug|Any CPU
		{FBC5D8F5-91BD-44FA-8E09-05BB13BEA451}.Debug|iPhone.Build.0 = Debug|Any CPU
		{FBC5D8F5-91BD-44FA-8E09-05BB13BEA451}.Debug|iPhoneSimulator.ActiveCfg = Debug|Any CPU
		{FBC5D8F5-91BD-44FA-8E09-05BB13BEA451}.Debug|iPhoneSimulator.Build.0 = Debug|Any CPU
		{FBC5D8F5-91BD-44FA-8E09-05BB13BEA451}.Debug|x86.ActiveCfg = Debug|Any CPU
		{FBC5D8F5-91BD-44FA-8E09-05BB13BEA451}.Debug|x86.Build.0 = Debug|Any CPU
		{FBC5D8F5-91BD-44FA-8E09-05BB13BEA451}.Release|Any CPU.ActiveCfg = Release|Any CPU
		{FBC5D8F5-91BD-44FA-8E09-05BB13BEA451}.Release|Any CPU.Build.0 = Release|Any CPU
		{FBC5D8F5-91BD-44FA-8E09-05BB13BEA451}.Release|ARM.ActiveCfg = Release|Any CPU
		{FBC5D8F5-91BD-44FA-8E09-05BB13BEA451}.Release|ARM.Build.0 = Release|Any CPU
		{FBC5D8F5-91BD-44FA-8E09-05BB13BEA451}.Release|iPhone.ActiveCfg = Release|Any CPU
		{FBC5D8F5-91BD-44FA-8E09-05BB13BEA451}.Release|iPhone.Build.0 = Release|Any CPU
		{FBC5D8F5-91BD-44FA-8E09-05BB13BEA451}.Release|iPhoneSimulator.ActiveCfg = Release|Any CPU
		{FBC5D8F5-91BD-44FA-8E09-05BB13BEA451}.Release|iPhoneSimulator.Build.0 = Release|Any CPU
		{FBC5D8F5-91BD-44FA-8E09-05BB13BEA451}.Release|x86.ActiveCfg = Release|Any CPU
		{FBC5D8F5-91BD-44FA-8E09-05BB13BEA451}.Release|x86.Build.0 = Release|Any CPU
	EndGlobalSection
	GlobalSection(SolutionProperties) = preSolution
		HideSolutionNode = FALSE
	EndGlobalSection
EndGlobal
